lockfileVersion: '6.0'

settings:
  autoInstallPeers: true
  excludeLinksFromLockfile: false

devDependencies:
  '@types/express':
    specifier: ^4.17.20
    version: 4.17.20

packages:

  /@types/body-parser@1.19.4:
    resolution: {integrity: sha512-N7UDG0/xiPQa2D/XrVJXjkWbpqHCd2sBaB32ggRF2l83RhPfamgKGF8gwwqyksS95qUS5ZYF9aF+lLPRlwI2UA==}
    dependencies:
      '@types/connect': 3.4.37
      '@types/node': 20.8.9
    dev: true

  /@types/connect@3.4.37:
    resolution: {integrity: sha512-zBUSRqkfZ59OcwXon4HVxhx5oWCJmc0OtBTK05M+p0dYjgN6iTwIL2T/WbsQZrEsdnwaF9cWQ+azOnpPvIqY3Q==}
    dependencies:
      '@types/node': 20.8.9
    dev: true

  /@types/express-serve-static-core@4.17.39:
    resolution: {integrity: sha512-BiEUfAiGCOllomsRAZOiMFP7LAnrifHpt56pc4Z7l9K6ACyN06Ns1JLMBxwkfLOjJRlSf06NwWsT7yzfpaVpyQ==}
    dependencies:
      '@types/node': 20.8.9
      '@types/qs': 6.9.9
      '@types/range-parser': 1.2.6
      '@types/send': 0.17.3
    dev: true

  /@types/express@4.17.20:
    resolution: {integrity: sha512-rOaqlkgEvOW495xErXMsmyX3WKBInbhG5eqojXYi3cGUaLoRDlXa5d52fkfWZT963AZ3v2eZ4MbKE6WpDAGVsw==}
    dependencies:
      '@types/body-parser': 1.19.4
      '@types/express-serve-static-core': 4.17.39
      '@types/qs': 6.9.9
      '@types/serve-static': 1.15.4
    dev: true

  /@types/http-errors@2.0.3:
    resolution: {integrity: sha512-pP0P/9BnCj1OVvQR2lF41EkDG/lWWnDyA203b/4Fmi2eTyORnBtcDoKDwjWQthELrBvWkMOrvSOnZ8OVlW6tXA==}
    dev: true

  /@types/mime@1.3.4:
    resolution: {integrity: sha512-1Gjee59G25MrQGk8bsNvC6fxNiRgUlGn2wlhGf95a59DrprnnHk80FIMMFG9XHMdrfsuA119ht06QPDXA1Z7tw==}
    dev: true

  /@types/mime@3.0.3:
    resolution: {integrity: sha512-i8MBln35l856k5iOhKk2XJ4SeAWg75mLIpZB4v6imOagKL6twsukBZGDMNhdOVk7yRFTMPpfILocMos59Q1otQ==}
    dev: true

  /@types/node@20.8.9:
    resolution: {integrity: sha512-UzykFsT3FhHb1h7yD4CA4YhBHq545JC0YnEz41xkipN88eKQtL6rSgocL5tbAP6Ola9Izm/Aw4Ora8He4x0BHg==}
    dependencies:
      undici-types: 5.26.5
    dev: true

  /@types/qs@6.9.9:
    resolution: {integrity: sha512-wYLxw35euwqGvTDx6zfY1vokBFnsK0HNrzc6xNHchxfO2hpuRg74GbkEW7e3sSmPvj0TjCDT1VCa6OtHXnubsg==}
    dev: true

  /@types/range-parser@1.2.6:
    resolution: {integrity: sha512-+0autS93xyXizIYiyL02FCY8N+KkKPhILhcUSA276HxzreZ16kl+cmwvV2qAM/PuCCwPXzOXOWhiPcw20uSFcA==}
    dev: true

  /@types/send@0.17.3:
    resolution: {integrity: sha512-/7fKxvKUoETxjFUsuFlPB9YndePpxxRAOfGC/yJdc9kTjTeP5kRCTzfnE8kPUKCeyiyIZu0YQ76s50hCedI1ug==}
    dependencies:
      '@types/mime': 1.3.4
      '@types/node': 20.8.9
    dev: true

  /@types/serve-static@1.15.4:
    resolution: {integrity: sha512-aqqNfs1XTF0HDrFdlY//+SGUxmdSUbjeRXb5iaZc3x0/vMbYmdw9qvOgHWOyyLFxSSRnUuP5+724zBgfw8/WAw==}
    dependencies:
      '@types/http-errors': 2.0.3
      '@types/mime': 3.0.3
      '@types/node': 20.8.9
    dev: true

  /undici-types@5.26.5:
    resolution: {integrity: sha512-JlCMO+ehdEIKqlFxk6IfVoAUVmgz7cU7zD/h9XZ0qzeosSHmUJVOzSQvvYSYWXkFXC+IfLKSIffhv0sVZup6pA==}
    dev: true
